// !$*UTF8*$!
{
	archiveVersion = 1;
	classes = {
	};
	objectVersion = 46;
	objects = {

/* Begin PBXBuildFile section */
		C161DD9D1B73FC9B00693645 /* main.m in Sources */ = {isa = PBXBuildFile; fileRef = C161DD9C1B73FC9B00693645 /* main.m */; };
		C161DDA01B73FC9B00693645 /* NKOAppDelegate.m in Sources */ = {isa = PBXBuildFile; fileRef = C161DD9F1B73FC9B00693645 /* NKOAppDelegate.m */; };
		C161DDA31B73FC9B00693645 /* NKOExampleController.m in Sources */ = {isa = PBXBuildFile; fileRef = C161DDA21B73FC9B00693645 /* NKOExampleController.m */; };
		C161DDA61B73FC9B00693645 /* NKOStoryboard.storyboard in Resources */ = {isa = PBXBuildFile; fileRef = C161DDA41B73FC9B00693645 /* NKOStoryboard.storyboard */; };
		C161DDA81B73FC9B00693645 /* Images.xcassets in Resources */ = {isa = PBXBuildFile; fileRef = C161DDA71B73FC9B00693645 /* Images.xcassets */; };
		C161DDB71B73FC9B00693645 /* LYActivityIndicatorViewTests.m in Sources */ = {isa = PBXBuildFile; fileRef = C161DDB61B73FC9B00693645 /* LYActivityIndicatorViewTests.m */; };
		C161DDC21B73FCC000693645 /* NKOActivityIndicatorView.m in Sources */ = {isa = PBXBuildFile; fileRef = C161DDC11B73FCC000693645 /* NKOActivityIndicatorView.m */; };
		C161DDC51B7561F100693645 /* NKOActivityIndicatorLayer.m in Sources */ = {isa = PBXBuildFile; fileRef = C161DDC41B7561F100693645 /* NKOActivityIndicatorLayer.m */; };
/* End PBXBuildFile section */

/* Begin PBXContainerItemProxy section */
		C161DDB11B73FC9B00693645 /* PBXContainerItemProxy */ = {
			isa = PBXContainerItemProxy;
			containerPortal = C161DD8F1B73FC9B00693645 /* Project object */;
			proxyType = 1;
			remoteGlobalIDString = C161DD961B73FC9B00693645;
			remoteInfo = LYActivityIndicatorView;
		};
/* End PBXContainerItemProxy section */

/* Begin PBXFileReference section */
		C161DD971B73FC9B00693645 /* LYActivityIndicatorView.app */ = {isa = PBXFileReference; explicitFileType = wrapper.application; includeInIndex = 0; path = LYActivityIndicatorView.app; sourceTree = BUILT_PRODUCTS_DIR; };
		C161DD9B1B73FC9B00693645 /* Info.plist */ = {isa = PBXFileReference; lastKnownFileType = text.plist.xml; path = Info.plist; sourceTree = "<group>"; };
		C161DD9C1B73FC9B00693645 /* main.m */ = {isa = PBXFileReference; lastKnownFileType = sourcecode.c.objc; path = main.m; sourceTree = "<group>"; };
		C161DD9E1B73FC9B00693645 /* NKOAppDelegate.h */ = {isa = PBXFileReference; lastKnownFileType = sourcecode.c.h; path = NKOAppDelegate.h; sourceTree = "<group>"; };
		C161DD9F1B73FC9B00693645 /* NKOAppDelegate.m */ = {isa = PBXFileReference; lastKnownFileType = sourcecode.c.objc; path = NKOAppDelegate.m; sourceTree = "<group>"; };
		C161DDA11B73FC9B00693645 /* NKOExampleController.h */ = {isa = PBXFileReference; lastKnownFileType = sourcecode.c.h; path = NKOExampleController.h; sourceTree = "<group>"; };
		C161DDA21B73FC9B00693645 /* NKOExampleController.m */ = {isa = PBXFileReference; lastKnownFileType = sourcecode.c.objc; path = NKOExampleController.m; sourceTree = "<group>"; };
		C161DDA51B73FC9B00693645 /* Base */ = {isa = PBXFileReference; lastKnownFileType = file.storyboard; name = Base; path = Base.lproj/NKOStoryboard.storyboard; sourceTree = "<group>"; };
		C161DDA71B73FC9B00693645 /* Images.xcassets */ = {isa = PBXFileReference; lastKnownFileType = folder.assetcatalog; path = Images.xcassets; sourceTree = "<group>"; };
		C161DDB01B73FC9B00693645 /* LYActivityIndicatorViewTests.xctest */ = {isa = PBXFileReference; explicitFileType = wrapper.cfbundle; includeInIndex = 0; path = LYActivityIndicatorViewTests.xctest; sourceTree = BUILT_PRODUCTS_DIR; };
		C161DDB51B73FC9B00693645 /* Info.plist */ = {isa = PBXFileReference; lastKnownFileType = text.plist.xml; path = Info.plist; sourceTree = "<group>"; };
		C161DDB61B73FC9B00693645 /* LYActivityIndicatorViewTests.m */ = {isa = PBXFileReference; lastKnownFileType = sourcecode.c.objc; path = LYActivityIndicatorViewTests.m; sourceTree = "<group>"; };
		C161DDC01B73FCC000693645 /* NKOActivityIndicatorView.h */ = {isa = PBXFileReference; fileEncoding = 4; lastKnownFileType = sourcecode.c.h; name = NKOActivityIndicatorView.h; path = Classes/NKOActivityIndicatorView.h; sourceTree = "<group>"; };
		C161DDC11B73FCC000693645 /* NKOActivityIndicatorView.m */ = {isa = PBXFileReference; fileEncoding = 4; lastKnownFileType = sourcecode.c.objc; name = NKOActivityIndicatorView.m; path = Classes/NKOActivityIndicatorView.m; sourceTree = "<group>"; };
		C161DDC31B7561F100693645 /* NKOActivityIndicatorLayer.h */ = {isa = PBXFileReference; fileEncoding = 4; lastKnownFileType = sourcecode.c.h; name = NKOActivityIndicatorLayer.h; path = Classes/NKOActivityIndicatorLayer.h; sourceTree = "<group>"; };
		C161DDC41B7561F100693645 /* NKOActivityIndicatorLayer.m */ = {isa = PBXFileReference; fileEncoding = 4; lastKnownFileType = sourcecode.c.objc; name = NKOActivityIndicatorLayer.m; path = Classes/NKOActivityIndicatorLayer.m; sourceTree = "<group>"; };
/* End PBXFileReference section */

/* Begin PBXFrameworksBuildPhase section */
		C161DD941B73FC9B00693645 /* Frameworks */ = {
			isa = PBXFrameworksBuildPhase;
			buildActionMask = 2147483647;
			files = (
			);
			runOnlyForDeploymentPostprocessing = 0;
		};
		C161DDAD1B73FC9B00693645 /* Frameworks */ = {
			isa = PBXFrameworksBuildPhase;
			buildActionMask = 2147483647;
			files = (
			);
			runOnlyForDeploymentPostprocessing = 0;
		};
/* End PBXFrameworksBuildPhase section */

/* Begin PBXGroup section */
		C161DD8E1B73FC9B00693645 = {
			isa = PBXGroup;
			children = (
				C161DD991B73FC9B00693645 /* LYActivityIndicatorView */,
				C161DDB31B73FC9B00693645 /* LYActivityIndicatorViewTests */,
				C161DD981B73FC9B00693645 /* Products */,
			);
			sourceTree = "<group>";
		};
		C161DD981B73FC9B00693645 /* Products */ = {
			isa = PBXGroup;
			children = (
				C161DD971B73FC9B00693645 /* LYActivityIndicatorView.app */,
				C161DDB01B73FC9B00693645 /* LYActivityIndicatorViewTests.xctest */,
			);
			name = Products;
			sourceTree = "<group>";
		};
		C161DD991B73FC9B00693645 /* LYActivityIndicatorView */ = {
			isa = PBXGroup;
			children = (
				C1666D301B76520E0093B6E7 /* Example */,
				C161DDC31B7561F100693645 /* NKOActivityIndicatorLayer.h */,
				C161DDC41B7561F100693645 /* NKOActivityIndicatorLayer.m */,
				C161DDC01B73FCC000693645 /* NKOActivityIndicatorView.h */,
				C161DDC11B73FCC000693645 /* NKOActivityIndicatorView.m */,
				C161DDA71B73FC9B00693645 /* Images.xcassets */,
				C161DD9A1B73FC9B00693645 /* Supporting Files */,
			);
			path = LYActivityIndicatorView;
			sourceTree = "<group>";
		};
		C161DD9A1B73FC9B00693645 /* Supporting Files */ = {
			isa = PBXGroup;
			children = (
				C161DD9B1B73FC9B00693645 /* Info.plist */,
				C161DD9C1B73FC9B00693645 /* main.m */,
			);
			name = "Supporting Files";
			sourceTree = "<group>";
		};
		C161DDB31B73FC9B00693645 /* LYActivityIndicatorViewTests */ = {
			isa = PBXGroup;
			children = (
				C161DDB61B73FC9B00693645 /* LYActivityIndicatorViewTests.m */,
				C161DDB41B73FC9B00693645 /* Supporting Files */,
			);
			path = LYActivityIndicatorViewTests;
			sourceTree = "<group>";
		};
		C161DDB41B73FC9B00693645 /* Supporting Files */ = {
			isa = PBXGroup;
			children = (
				C161DDB51B73FC9B00693645 /* Info.plist */,
			);
			name = "Supporting Files";
			sourceTree = "<group>";
		};
		C1666D301B76520E0093B6E7 /* Example */ = {
			isa = PBXGroup;
			children = (
				C161DD9E1B73FC9B00693645 /* NKOAppDelegate.h */,
				C161DD9F1B73FC9B00693645 /* NKOAppDelegate.m */,
				C161DDA11B73FC9B00693645 /* NKOExampleController.h */,
				C161DDA21B73FC9B00693645 /* NKOExampleController.m */,
				C161DDA41B73FC9B00693645 /* NKOStoryboard.storyboard */,
			);
			path = Example;
			sourceTree = "<group>";
		};
/* End PBXGroup section */

/* Begin PBXNativeTarget section */
		C161DD961B73FC9B00693645 /* LYActivityIndicatorView */ = {
			isa = PBXNativeTarget;
			buildConfigurationList = C161DDBA1B73FC9B00693645 /* Build configuration list for PBXNativeTarget "LYActivityIndicatorView" */;
			buildPhases = (
				C161DD931B73FC9B00693645 /* Sources */,
				C161DD941B73FC9B00693645 /* Frameworks */,
				C161DD951B73FC9B00693645 /* Resources */,
			);
			buildRules = (
			);
			dependencies = (
			);
			name = LYActivityIndicatorView;
			productName = LYActivityIndicatorView;
			productReference = C161DD971B73FC9B00693645 /* LYActivityIndicatorView.app */;
			productType = "com.apple.product-type.application";
		};
		C161DDAF1B73FC9B00693645 /* LYActivityIndicatorViewTests */ = {
			isa = PBXNativeTarget;
			buildConfigurationList = C161DDBD1B73FC9B00693645 /* Build configuration list for PBXNativeTarget "LYActivityIndicatorViewTests" */;
			buildPhases = (
				C161DDAC1B73FC9B00693645 /* Sources */,
				C161DDAD1B73FC9B00693645 /* Frameworks */,
				C161DDAE1B73FC9B00693645 /* Resources */,
			);
			buildRules = (
			);
			dependencies = (
				C161DDB21B73FC9B00693645 /* PBXTargetDependency */,
			);
			name = LYActivityIndicatorViewTests;
			productName = LYActivityIndicatorViewTests;
			productReference = C161DDB01B73FC9B00693645 /* LYActivityIndicatorViewTests.xctest */;
			productType = "com.apple.product-type.bundle.unit-test";
		};
/* End PBXNativeTarget section */

/* Begin PBXProject section */
		C161DD8F1B73FC9B00693645 /* Project object */ = {
			isa = PBXProject;
			attributes = {
				LastUpgradeCheck = 0640;
				ORGANIZATIONNAME = "Carlos Vidal Pallin";
				TargetAttributes = {
					C161DD961B73FC9B00693645 = {
						CreatedOnToolsVersion = 6.4;
					};
					C161DDAF1B73FC9B00693645 = {
						CreatedOnToolsVersion = 6.4;
						TestTargetID = C161DD961B73FC9B00693645;
					};
				};
			};
			buildConfigurationList = C161DD921B73FC9B00693645 /* Build configuration list for PBXProject "LYActivityIndicatorView" */;
			compatibilityVersion = "Xcode 3.2";
			developmentRegion = English;
			hasScannedForEncodings = 0;
			knownRegions = (
				en,
				Base,
			);
			mainGroup = C161DD8E1B73FC9B00693645;
			productRefGroup = C161DD981B73FC9B00693645 /* Products */;
			projectDirPath = "";
			projectRoot = "";
			targets = (
				C161DD961B73FC9B00693645 /* LYActivityIndicatorView */,
				C161DDAF1B73FC9B00693645 /* LYActivityIndicatorViewTests */,
			);
		};
/* End PBXProject section */

/* Begin PBXResourcesBuildPhase section */
		C161DD951B73FC9B00693645 /* Resources */ = {
			isa = PBXResourcesBuildPhase;
			buildActionMask = 2147483647;
			files = (
				C161DDA61B73FC9B00693645 /* NKOStoryboard.storyboard in Resources */,
				C161DDA81B73FC9B00693645 /* Images.xcassets in Resources */,
			);
			runOnlyForDeploymentPostprocessing = 0;
		};
		C161DDAE1B73FC9B00693645 /* Resources */ = {
			isa = PBXResourcesBuildPhase;
			buildActionMask = 2147483647;
			files = (
			);
			runOnlyForDeploymentPostprocessing = 0;
		};
/* End PBXResourcesBuildPhase section */

/* Begin PBXSourcesBuildPhase section */
		C161DD931B73FC9B00693645 /* Sources */ = {
			isa = PBXSourcesBuildPhase;
			buildActionMask = 2147483647;
			files = (
				C161DDA31B73FC9B00693645 /* NKOExampleController.m in Sources */,
				C161DDA01B73FC9B00693645 /* NKOAppDelegate.m in Sources */,
				C161DDC21B73FCC000693645 /* NKOActivityIndicatorView.m in Sources */,
				C161DDC51B7561F100693645 /* NKOActivityIndicatorLayer.m in Sources */,
				C161DD9D1B73FC9B00693645 /* main.m in Sources */,
			);
			runOnlyForDeploymentPostprocessing = 0;
		};
		C161DDAC1B73FC9B00693645 /* Sources */ = {
			isa = PBXSourcesBuildPhase;
			buildActionMask = 2147483647;
			files = (
				C161DDB71B73FC9B00693645 /* LYActivityIndicatorViewTests.m in Sources */,
			);
			runOnlyForDeploymentPostprocessing = 0;
		};
/* End PBXSourcesBuildPhase section */

/* Begin PBXTargetDependency section */
		C161DDB21B73FC9B00693645 /* PBXTargetDependency */ = {
			isa = PBXTargetDependency;
			target = C161DD961B73FC9B00693645 /* LYActivityIndicatorView */;
			targetProxy = C161DDB11B73FC9B00693645 /* PBXContainerItemProxy */;
		};
/* End PBXTargetDependency section */

/* Begin PBXVariantGroup section */
		C161DDA41B73FC9B00693645 /* NKOStoryboard.storyboard */ = {
			isa = PBXVariantGroup;
			children = (
				C161DDA51B73FC9B00693645 /* Base */,
			);
			name = NKOStoryboard.storyboard;
			path = ..;
			sourceTree = "<group>";
		};
/* End PBXVariantGroup section */

/* Begin XCBuildConfiguration section */
		C161DDB81B73FC9B00693645 /* Debug */ = {
			isa = XCBuildConfiguration;
			buildSettings = {
				ALWAYS_SEARCH_USER_PATHS = NO;
				CLANG_CXX_LANGUAGE_STANDARD = "gnu++0x";
				CLANG_CXX_LIBRARY = "libc++";
				CLANG_ENABLE_MODULES = YES;
				CLANG_ENABLE_OBJC_ARC = YES;
				CLANG_WARN_BOOL_CONVERSION = YES;
				CLANG_WARN_CONSTANT_CONVERSION = YES;
				CLANG_WARN_DIRECT_OBJC_ISA_USAGE = YES_ERROR;
				CLANG_WARN_EMPTY_BODY = YES;
				CLANG_WARN_ENUM_CONVERSION = YES;
				CLANG_WARN_INT_CONVERSION = YES;
				CLANG_WARN_OBJC_ROOT_CLASS = YES_ERROR;
				CLANG_WARN_UNREACHABLE_CODE = YES;
				CLANG_WARN__DUPLICATE_METHOD_MATCH = YES;
				"CODE_SIGN_IDENTITY[sdk=iphoneos*]" = "iPhone Developer";
				COPY_PHASE_STRIP = NO;
				DEBUG_INFORMATION_FORMAT = "dwarf-with-dsym";
				ENABLE_STRICT_OBJC_MSGSEND = YES;
				GCC_C_LANGUAGE_STANDARD = gnu99;
				GCC_DYNAMIC_NO_PIC = NO;
				GCC_NO_COMMON_BLOCKS = YES;
				GCC_OPTIMIZATION_LEVEL = 0;
				GCC_PREPROCESSOR_DEFINITIONS = (
					"DEBUG=1",
					"$(inherited)",
				);
				GCC_SYMBOLS_PRIVATE_EXTERN = NO;
				GCC_WARN_64_TO_32_BIT_CONVERSION = YES;
				GCC_WARN_ABOUT_RETURN_TYPE = YES_ERROR;
				GCC_WARN_UNDECLARED_SELECTOR = YES;
				GCC_WARN_UNINITIALIZED_AUTOS = YES_AGGRESSIVE;
				GCC_WARN_UNUSED_FUNCTION = YES;
				GCC_WARN_UNUSED_VARIABLE = YES;
				IPHONEOS_DEPLOYMENT_TARGET = 8.4;
				MTL_ENABLE_DEBUG_INFO = YES;
				ONLY_ACTIVE_ARCH = YES;
				SDKROOT = iphoneos;
				TARGETED_DEVICE_FAMILY = "1,2";
			};
			name = Debug;
		};
		C161DDB91B73FC9B00693645 /* Release */ = {
			isa = XCBuildConfiguration;
			buildSettings = {
				ALWAYS_SEARCH_USER_PATHS = NO;
				CLANG_CXX_LANGUAGE_STANDARD = "gnu++0x";
				CLANG_CXX_LIBRARY = "libc++";
				CLANG_ENABLE_MODULES = YES;
				CLANG_ENABLE_OBJC_ARC = YES;
				CLANG_WARN_BOOL_CONVERSION = YES;
				CLANG_WARN_CONSTANT_CONVERSION = YES;
				CLANG_WARN_DIRECT_OBJC_ISA_USAGE = YES_ERROR;
				CLANG_WARN_EMPTY_BODY = YES;
				CLANG_WARN_ENUM_CONVERSION = YES;
				CLANG_WARN_INT_CONVERSION = YES;
				CLANG_WARN_OBJC_ROOT_CLASS = YES_ERROR;
				CLANG_WARN_UNREACHABLE_CODE = YES;
				CLANG_WARN__DUPLICATE_METHOD_MATCH = YES;
				"CODE_SIGN_IDENTITY[sdk=iphoneos*]" = "iPhone Developer";
				COPY_PHASE_STRIP = NO;
				DEBUG_INFORMATION_FORMAT = "dwarf-with-dsym";
				ENABLE_NS_ASSERTIONS = NO;
				ENABLE_STRICT_OBJC_MSGSEND = YES;
				GCC_C_LANGUAGE_STANDARD = gnu99;
				GCC_NO_COMMON_BLOCKS = YES;
				GCC_WARN_64_TO_32_BIT_CONVERSION = YES;
				GCC_WARN_ABOUT_RETURN_TYPE = YES_ERROR;
				GCC_WARN_UNDECLARED_SELECTOR = YES;
				GCC_WARN_UNINITIALIZED_AUTOS = YES_AGGRESSIVE;
				GCC_WARN_UNUSED_FUNCTION = YES;
				GCC_WARN_UNUSED_VARIABLE = YES;
				IPHONEOS_DEPLOYMENT_TARGET = 8.4;
				MTL_ENABLE_DEBUG_INFO = NO;
				SDKROOT = iphoneos;
				TARGETED_DEVICE_FAMILY = "1,2";
				VALIDATE_PRODUCT = YES;
			};
			name = Release;
		};
		C161DDBB1B73FC9B00693645 /* Debug */ = {
			isa = XCBuildConfiguration;
			buildSettings = {
				ASSETCATALOG_COMPILER_APPICON_NAME = AppIcon;
				INFOPLIST_FILE = LYActivityIndicatorView/Info.plist;
				LD_RUNPATH_SEARCH_PATHS = "$(inherited) @executable_path/Frameworks";
				PRODUCT_NAME = "$(TARGET_NAME)";
				TARGETED_DEVICE_FAMILY = "1,2";
			};
			name = Debug;
		};
		C161DDBC1B73FC9B00693645 /* Release */ = {
			isa = XCBuildConfiguration;
			buildSettings = {
				ASSETCATALOG_COMPILER_APPICON_NAME = AppIcon;
				INFOPLIST_FILE = LYActivityIndicatorView/Info.plist;
				LD_RUNPATH_SEARCH_PATHS = "$(inherited) @executable_path/Frameworks";
				PRODUCT_NAME = "$(TARGET_NAME)";
				TARGETED_DEVICE_FAMILY = "1,2";
			};
			name = Release;
		};
		C161DDBE1B73FC9B00693645 /* Debug */ = {
			isa = XCBuildConfiguration;
			buildSettings = {
				BUNDLE_LOADER = "$(TEST_HOST)";
				FRAMEWORK_SEARCH_PATHS = (
					"$(SDKROOT)/Developer/Library/Frameworks",
					"$(inherited)",
				);
				GCC_PREPROCESSOR_DEFINITIONS = (
					"DEBUG=1",
					"$(inherited)",
				);
				INFOPLIST_FILE = LYActivityIndicatorViewTests/Info.plist;
				LD_RUNPATH_SEARCH_PATHS = "$(inherited) @executable_path/Frameworks @loader_path/Frameworks";
				PRODUCT_NAME = "$(TARGET_NAME)";
				TEST_HOST = "$(BUILT_PRODUCTS_DIR)/LYActivityIndicatorView.app/LYActivityIndicatorView";
			};
			name = Debug;
		};
		C161DDBF1B73FC9B00693645 /* Release */ = {
			isa = XCBuildConfiguration;
			buildSettings = {
				BUNDLE_LOADER = "$(TEST_HOST)";
				FRAMEWORK_SEARCH_PATHS = (
					"$(SDKROOT)/Developer/Library/Frameworks",
					"$(inherited)",
				);
				INFOPLIST_FILE = LYActivityIndicatorViewTests/Info.plist;
				LD_RUNPATH_SEARCH_PATHS = "$(inherited) @executable_path/Frameworks @loader_path/Frameworks";
				PRODUCT_NAME = "$(TARGET_NAME)";
				TEST_HOST = "$(BUILT_PRODUCTS_DIR)/LYActivityIndicatorView.app/LYActivityIndicatorView";
			};
			name = Release;
		};
/* End XCBuildConfiguration section */

/* Begin XCConfigurationList section */
		C161DD921B73FC9B00693645 /* Build configuration list for PBXProject "LYActivityIndicatorView" */ = {
			isa = XCConfigurationList;
			buildConfigurations = (
				C161DDB81B73FC9B00693645 /* Debug */,
				C161DDB91B73FC9B00693645 /* Release */,
			);
			defaultConfigurationIsVisible = 0;
			defaultConfigurationName = Release;
		};
		C161DDBA1B73FC9B00693645 /* Build configuration list for PBXNativeTarget "LYActivityIndicatorView" */ = {
			isa = XCConfigurationList;
			buildConfigurations = (
				C161DDBB1B73FC9B00693645 /* Debug */,
				C161DDBC1B73FC9B00693645 /* Release */,
			);
			defaultConfigurationIsVisible = 0;
			defaultConfigurationName = Release;
		};
		C161DDBD1B73FC9B00693645 /* Build configuration list for PBXNativeTarget "LYActivityIndicatorViewTests" */ = {
			isa = XCConfigurationList;
			buildConfigurations = (
				C161DDBE1B73FC9B00693645 /* Debug */,
				C161DDBF1B73FC9B00693645 /* Release */,
			);
			defaultConfigurationIsVisible = 0;
			defaultConfigurationName = Release;
		};
/* End XCConfigurationList section */
	};
	rootObject = C161DD8F1B73FC9B00693645 /* Project object */;
}
